
Microsoft Visual Studio Solution File, Format Version 12.00
# Visual Studio Version 17
VisualStudioVersion = 17.8.34322.80
MinimumVisualStudioVersion = 10.0.40219.1
Project("{9A19103F-16F7-4668-BE54-9A1E7A4F7556}") = "TheBookShelf.Api", "TheBookShelf.Server\TheBookShelf.Api.csproj", "{6A09E897-EC64-4415-A422-049D1EDAD166}"
EndProject
Project("{54A90642-561A-4BB1-A94E-469ADEE60C69}") = "thebookshelf.client", "thebookshelf.client\thebookshelf.client.esproj", "{72D8532A-07F9-4372-BED1-A3D29BB5A967}"
EndProject
Project("{2150E333-8FDC-42A3-9474-1A3956D46DE8}") = "src", "src", "{4881A0A2-C800-4CD8-AFE5-6D320A5B4CB2}"
EndProject
Project("{2150E333-8FDC-42A3-9474-1A3956D46DE8}") = "client", "client", "{5214D651-D606-40AD-8FA8-4EE62D513CB4}"
EndProject
Project("{9A19103F-16F7-4668-BE54-9A1E7A4F7556}") = "TheBookShelf.Application", "TheBookShelf.Application\TheBookShelf.Application.csproj", "{8698161E-8E30-4832-81EF-AA722E01D2DC}"
EndProject
Project("{2150E333-8FDC-42A3-9474-1A3956D46DE8}") = "eng", "eng", "{56975699-1426-40CB-978A-0F4BBD7EC2AE}"
	ProjectSection(SolutionItems) = preProject
		.dockerignore = .dockerignore
		.gitignore = .gitignore
		aks-cluster.tf = aks-cluster.tf
		outputs.tf = outputs.tf
		README.md = README.md
		terraform.tfvars = terraform.tfvars
		variables.tf = variables.tf
		versions.tf = versions.tf
	EndProjectSection
EndProject
Project("{2150E333-8FDC-42A3-9474-1A3956D46DE8}") = "tests", "tests", "{A7CC5727-982C-44E2-A0F3-D802D26F8EA0}"
EndProject
Project("{9A19103F-16F7-4668-BE54-9A1E7A4F7556}") = "TheBookShelf.Data", "TheBookShelf.Data\TheBookShelf.Data.csproj", "{FE7E5421-6809-4EC4-966D-5D98BD38E465}"
EndProject
Project("{9A19103F-16F7-4668-BE54-9A1E7A4F7556}") = "TheBookShelf.Domain", "TheBookShelf.Domain\TheBookShelf.Domain.csproj", "{52256873-6F6F-4FF5-9240-10AA64311935}"
EndProject
Global
	GlobalSection(SolutionConfigurationPlatforms) = preSolution
		Debug|Any CPU = Debug|Any CPU
		Release|Any CPU = Release|Any CPU
	EndGlobalSection
	GlobalSection(ProjectConfigurationPlatforms) = postSolution
		{6A09E897-EC64-4415-A422-049D1EDAD166}.Debug|Any CPU.ActiveCfg = Debug|Any CPU
		{6A09E897-EC64-4415-A422-049D1EDAD166}.Debug|Any CPU.Build.0 = Debug|Any CPU
		{6A09E897-EC64-4415-A422-049D1EDAD166}.Release|Any CPU.ActiveCfg = Release|Any CPU
		{6A09E897-EC64-4415-A422-049D1EDAD166}.Release|Any CPU.Build.0 = Release|Any CPU
		{72D8532A-07F9-4372-BED1-A3D29BB5A967}.Debug|Any CPU.ActiveCfg = Debug|Any CPU
		{72D8532A-07F9-4372-BED1-A3D29BB5A967}.Debug|Any CPU.Build.0 = Debug|Any CPU
		{72D8532A-07F9-4372-BED1-A3D29BB5A967}.Debug|Any CPU.Deploy.0 = Debug|Any CPU
		{72D8532A-07F9-4372-BED1-A3D29BB5A967}.Release|Any CPU.ActiveCfg = Release|Any CPU
		{72D8532A-07F9-4372-BED1-A3D29BB5A967}.Release|Any CPU.Build.0 = Release|Any CPU
		{72D8532A-07F9-4372-BED1-A3D29BB5A967}.Release|Any CPU.Deploy.0 = Release|Any CPU
		{8698161E-8E30-4832-81EF-AA722E01D2DC}.Debug|Any CPU.ActiveCfg = Debug|Any CPU
		{8698161E-8E30-4832-81EF-AA722E01D2DC}.Debug|Any CPU.Build.0 = Debug|Any CPU
		{8698161E-8E30-4832-81EF-AA722E01D2DC}.Release|Any CPU.ActiveCfg = Release|Any CPU
		{8698161E-8E30-4832-81EF-AA722E01D2DC}.Release|Any CPU.Build.0 = Release|Any CPU
		{FE7E5421-6809-4EC4-966D-5D98BD38E465}.Debug|Any CPU.ActiveCfg = Debug|Any CPU
		{FE7E5421-6809-4EC4-966D-5D98BD38E465}.Debug|Any CPU.Build.0 = Debug|Any CPU
		{FE7E5421-6809-4EC4-966D-5D98BD38E465}.Release|Any CPU.ActiveCfg = Release|Any CPU
		{FE7E5421-6809-4EC4-966D-5D98BD38E465}.Release|Any CPU.Build.0 = Release|Any CPU
		{52256873-6F6F-4FF5-9240-10AA64311935}.Debug|Any CPU.ActiveCfg = Debug|Any CPU
		{52256873-6F6F-4FF5-9240-10AA64311935}.Debug|Any CPU.Build.0 = Debug|Any CPU
		{52256873-6F6F-4FF5-9240-10AA64311935}.Release|Any CPU.ActiveCfg = Release|Any CPU
		{52256873-6F6F-4FF5-9240-10AA64311935}.Release|Any CPU.Build.0 = Release|Any CPU
	EndGlobalSection
	GlobalSection(SolutionProperties) = preSolution
		HideSolutionNode = FALSE
	EndGlobalSection
	GlobalSection(NestedProjects) = preSolution
		{6A09E897-EC64-4415-A422-049D1EDAD166} = {4881A0A2-C800-4CD8-AFE5-6D320A5B4CB2}
		{72D8532A-07F9-4372-BED1-A3D29BB5A967} = {5214D651-D606-40AD-8FA8-4EE62D513CB4}
		{8698161E-8E30-4832-81EF-AA722E01D2DC} = {4881A0A2-C800-4CD8-AFE5-6D320A5B4CB2}
		{FE7E5421-6809-4EC4-966D-5D98BD38E465} = {4881A0A2-C800-4CD8-AFE5-6D320A5B4CB2}
		{52256873-6F6F-4FF5-9240-10AA64311935} = {4881A0A2-C800-4CD8-AFE5-6D320A5B4CB2}
	EndGlobalSection
	GlobalSection(ExtensibilityGlobals) = postSolution
		SolutionGuid = {A2537F8E-A890-4F3A-80A8-1A0E86A05FD2}
	EndGlobalSection
EndGlobal
